<?xml version="1.0" encoding="utf-8"?>
<Project ToolsVersion="4.0" xmlns="http://schemas.microsoft.com/developer/msbuild/2003">
  <ItemGroup>
    <ClCompile Include="Engine\Main.cpp">
      <Filter>Engine</Filter>
    </ClCompile>
    <ClCompile Include="Target\Borderlands2\GenericTypes.cpp">
    </ClCompile>
    <ClCompile Include="Target\Borderlands2\ObjectsStore.cpp">
    </ClCompile>
    <ClCompile Include="Target\Borderlands2\NamesStore.cpp">
    </ClCompile>
    <ClCompile Include="Target\Borderlands2\Generator.cpp">
    </ClCompile>
    <ClCompile Include="Engine\Logger.cpp">
      <Filter>Engine</Filter>
    </ClCompile>
    <ClCompile Include="Engine\Package.cpp">
      <Filter>Engine</Filter>
    </ClCompile>
    <ClCompile Include="Engine\NameValidator.cpp">
      <Filter>Engine</Filter>
    </ClCompile>
    <ClCompile Include="Engine\PatternFinder.cpp">
      <Filter>Engine</Filter>
    </ClCompile>
    <ClCompile Include="Engine\UE3\Package.cpp">
      <Filter>Engine\UE3</Filter>
    </ClCompile>
    <ClCompile Include="Engine\ObjectsStore.cpp">
      <Filter>Engine</Filter>
    </ClCompile>
    <ClCompile Include="Engine\NamesStore.cpp">
      <Filter>Engine</Filter>
    </ClCompile>
    <ClCompile Include="Engine\UE3\GenericTypes.cpp">
      <Filter>Engine\UE3</Filter>
    </ClCompile>
    <ClCompile Include="Engine\UE3\PropertyFlags.cpp">
      <Filter>Engine\UE3</Filter>
    </ClCompile>
    <ClCompile Include="Engine\UE3\FunctionFlags.cpp">
      <Filter>Engine\UE3</Filter>
    </ClCompile>
    <ClCompile Include="Engine\PrintHelper.cpp">
      <Filter>Engine</Filter>
    </ClCompile>
  </ItemGroup>
  <ItemGroup>
    <Filter Include="Engine">
      <UniqueIdentifier>{5fb70966-5939-4bcf-b096-6b909315ed0d}</UniqueIdentifier>
    </Filter>
    <Filter Include="Engine\UE3">
      <UniqueIdentifier>{77ff275a-574c-4908-9ae5-345300346f41}</UniqueIdentifier>
    </Filter>
  </ItemGroup>
  <ItemGroup>
    <ClInclude Include="Target\Borderlands2\EngineClasses.hpp">
    </ClInclude>
    <ClInclude Include="Engine\UE3\GenericTypes.hpp">
      <Filter>Engine\UE3</Filter>
    </ClInclude>
    <ClInclude Include="Engine\ObjectsStore.hpp">
      <Filter>Engine</Filter>
    </ClInclude>
    <ClInclude Include="Engine\NamesStore.hpp">
      <Filter>Engine</Filter>
    </ClInclude>
    <ClInclude Include="Engine\tinyformat.h">
      <Filter>Engine</Filter>
    </ClInclude>
    <ClInclude Include="Engine\Logger.hpp">
      <Filter>Engine</Filter>
    </ClInclude>
    <ClInclude Include="Engine\Package.hpp">
      <Filter>Engine</Filter>
    </ClInclude>
    <ClInclude Include="Engine\NameValidator.hpp">
      <Filter>Engine</Filter>
    </ClInclude>
    <ClInclude Include="Engine\UE3\PropertyFlags.hpp">
      <Filter>Engine\UE3</Filter>
    </ClInclude>
    <ClInclude Include="Engine\UE3\FunctionFlags.hpp">
      <Filter>Engine\UE3</Filter>
    </ClInclude>
    <ClInclude Include="Engine\cpplinq.hpp">
      <Filter>Engine</Filter>
    </ClInclude>
    <ClInclude Include="Engine\PatternFinder.hpp">
      <Filter>Engine</Filter>
    </ClInclude>
    <ClInclude Include="Engine\IGenerator.hpp">
      <Filter>Engine</Filter>
    </ClInclude>
    <ClInclude Include="Engine\PrintHelper.hpp">
      <Filter>Engine</Filter>
    </ClInclude>
  </ItemGroup>
</Project>